{
  "deployment_version": "2.1.0",
  "timestamp": "2025-06-12T12:21:47.000Z",
  "status": "PRODUCTION_READY",
  "features": {
    "mobile_responsiveness": {
      "status": "COMPLETE",
      "viewport_meta": "width=device-width, initial-scale=1.0, maximum-scale=1.0, user-scalable=no",
      "touch_targets": "44px minimum",
      "breakpoints": ["320px", "768px", "1024px", "1440px"],
      "safari_optimized": true,
      "description": "iPhone Safari compatible with proper viewport handling"
    },
    "voice_commands": {
      "status": "COMPLETE",
      "natural_language": true,
      "supported_commands": [
        "Log me in / Let me in / Sign in",
        "Show me the data / How are we doing",
        "Find customers / Get more customers", 
        "Show me tools / What can you do",
        "Go to dashboard / Take me home",
        "Help / What can I say"
      ],
      "web_speech_api": true,
      "description": "Natural language voice control for non-technical users"
    },
    "authentication": {
      "status": "COMPLETE",
      "auto_login": true,
      "retry_mechanism": true,
      "session_detection": ["localStorage", "cookies", "fingerprints"],
      "credentials": {
        "username": "admin",
        "password": "nexus2024"
      },
      "description": "Enhanced auto-login with retry logic and session persistence"
    },
    "service_worker_reset": {
      "status": "COMPLETE",
      "admin_panel_integration": true,
      "cache_clearing": true,
      "indexeddb_reset": true,
      "description": "Recovery functions accessible through admin panel"
    }
  },
  "critical_files": [
    "dist/public/index.html"
  ],
  "deployment_notes": [
    "All four critical fixes implemented and tested",
    "Mobile layout optimized for iPhone Safari",
    "Voice commands use everyday language",
    "Auto-login works with retry mechanism", 
    "Service worker reset available in admin panel",
    "Touch targets meet accessibility standards",
    "Device fingerprinting active",
    "Responsive validation complete"
  ],
  "validation_results": {
    "mobile_responsive": true,
    "voice_commands_functional": true,
    "authentication_working": true,
    "touch_targets_compliant": true,
    "deployment_ready": true
  }
}